Microsoft Visual Studio Solution File, Format Version 12.00
Project("{2150E333-8FDC-42A3-9474-1A3956D46DE8}") = "Library", "Library", "{B5114253-F08F-4332-A1C4-A3D461A56954}"
EndProject
Project("{FAE04EC0-301F-11D3-BF4B-00C04F79EFBC}") = "Core", "Library\Core\Core.csproj", "{0842D8C8-8AFA-4F22-A8E7-E38B5E2B302F}"
EndProject
Project("{FAE04EC0-301F-11D3-BF4B-00C04F79EFBC}") = "Logic", "Library\Logic\Logic.csproj", "{88DD5AE7-E730-4925-9976-F7C365885937}"
EndProject
Project("{FAE04EC0-301F-11D3-BF4B-00C04F79EFBC}") = "Main", "Library\Main\Main.csproj", "{4E01290C-F0D5-4F73-9799-EE83217E5FA8}"
EndProject
Project("{2150E333-8FDC-42A3-9474-1A3956D46DE8}") = "Tests", "Tests", "{AF36F7FF-4113-4168-9D83-94AD6DD81673}"
EndProject
Project("{FAE04EC0-301F-11D3-BF4B-00C04F79EFBC}") = "IntegrationTests", "Tests\IntegrationTests\IntegrationTests.csproj", "{564924CA-DFD9-42F0-A8DC-A2C5B8020ED3}"
EndProject
Project("{FAE04EC0-301F-11D3-BF4B-00C04F79EFBC}") = "UnitTests", "Tests\UnitTests\UnitTests.csproj", "{611A6CA9-0E56-4131-87F4-C322AA6771BA}"
EndProject
Global
	GlobalSection(SolutionConfigurationPlatforms) = preSolution
		Release|x64 = Release|x64
		Debug|x64 = Debug|x64
	EndGlobalSection
	GlobalSection(ProjectConfigurationPlatforms) = postSolution
		{0842D8C8-8AFA-4F22-A8E7-E38B5E2B302F}.Debug|x64.ActiveCfg = Debug|x64
		{0842D8C8-8AFA-4F22-A8E7-E38B5E2B302F}.Debug|x64.Build.0 = Debug|x64
		{0842D8C8-8AFA-4F22-A8E7-E38B5E2B302F}.Release|x64.ActiveCfg = Release|x64
		{88DD5AE7-E730-4925-9976-F7C365885937}.Debug|x64.ActiveCfg = Debug|x64
		{88DD5AE7-E730-4925-9976-F7C365885937}.Debug|x64.Build.0 = Debug|x64
		{88DD5AE7-E730-4925-9976-F7C365885937}.Release|x64.ActiveCfg = Release|x64
		{4E01290C-F0D5-4F73-9799-EE83217E5FA8}.Debug|x64.ActiveCfg = Debug|x64
		{4E01290C-F0D5-4F73-9799-EE83217E5FA8}.Debug|x64.Build.0 = Debug|x64
		{4E01290C-F0D5-4F73-9799-EE83217E5FA8}.Release|x64.ActiveCfg = Release|x64
		{564924CA-DFD9-42F0-A8DC-A2C5B8020ED3}.Debug|x64.ActiveCfg = Debug|x64
		{564924CA-DFD9-42F0-A8DC-A2C5B8020ED3}.Debug|x64.Build.0 = Debug|x64
		{564924CA-DFD9-42F0-A8DC-A2C5B8020ED3}.Release|x64.ActiveCfg = Release|x64
		{564924CA-DFD9-42F0-A8DC-A2C5B8020ED3}.Release|x64.Build.0 = Release|x64
		{611A6CA9-0E56-4131-87F4-C322AA6771BA}.Release|x64.ActiveCfg = Release|x64
		{611A6CA9-0E56-4131-87F4-C322AA6771BA}.Release|x64.Build.0 = Release|x64
		{611A6CA9-0E56-4131-87F4-C322AA6771BA}.Debug|x64.ActiveCfg = Debug|x64
		{611A6CA9-0E56-4131-87F4-C322AA6771BA}.Debug|x64.Build.0 = Debug|x64
	EndGlobalSection
	GlobalSection(NestedProjects) = preSolution
		{0842D8C8-8AFA-4F22-A8E7-E38B5E2B302F} = {B5114253-F08F-4332-A1C4-A3D461A56954}
		{88DD5AE7-E730-4925-9976-F7C365885937} = {B5114253-F08F-4332-A1C4-A3D461A56954}
		{4E01290C-F0D5-4F73-9799-EE83217E5FA8} = {B5114253-F08F-4332-A1C4-A3D461A56954}
		{564924CA-DFD9-42F0-A8DC-A2C5B8020ED3} = {AF36F7FF-4113-4168-9D83-94AD6DD81673}
		{611A6CA9-0E56-4131-87F4-C322AA6771BA} = {AF36F7FF-4113-4168-9D83-94AD6DD81673}
	EndGlobalSection
EndGlobal
